
Microsoft Visual Studio Solution File, Format Version 12.00
# Visual Studio 2013
VisualStudioVersion = 12.0.40629.0
MinimumVisualStudioVersion = 10.0.40219.1
Project("{B1E792BE-AA5F-4E3C-8C82-674BF9C0715B}") = "ElbowControl", "ElbowControl\ElbowControl.tsproj", "{20051AC5-FC16-41B0-A2FD-A85B93AC55C3}"
EndProject
Project("{FD9F1D59-E000-42F3-8744-88DE1BE93C06}") = "TwinCAT Measurement Project1", "TwinCAT Measurement Project1\TwinCAT Measurement Project1.tcmproj", "{C2B7B637-F073-4AC2-85CE-05E312C5DF34}"
EndProject
Global
	GlobalSection(SolutionConfigurationPlatforms) = preSolution
		Debug|TwinCAT CE7 (ARMV7) = Debug|TwinCAT CE7 (ARMV7)
		Debug|TwinCAT RT (x64) = Debug|TwinCAT RT (x64)
		Debug|TwinCAT RT (x86) = Debug|TwinCAT RT (x86)
		Debug|TwinCAT UM (x64) = Debug|TwinCAT UM (x64)
		Debug|TwinCAT UM (x86) = Debug|TwinCAT UM (x86)
		Release|TwinCAT CE7 (ARMV7) = Release|TwinCAT CE7 (ARMV7)
		Release|TwinCAT RT (x64) = Release|TwinCAT RT (x64)
		Release|TwinCAT RT (x86) = Release|TwinCAT RT (x86)
		Release|TwinCAT UM (x64) = Release|TwinCAT UM (x64)
		Release|TwinCAT UM (x86) = Release|TwinCAT UM (x86)
	EndGlobalSection
	GlobalSection(ProjectConfigurationPlatforms) = postSolution
		{20051AC5-FC16-41B0-A2FD-A85B93AC55C3}.Debug|TwinCAT CE7 (ARMV7).ActiveCfg = Debug|TwinCAT CE7 (ARMV7)
		{20051AC5-FC16-41B0-A2FD-A85B93AC55C3}.Debug|TwinCAT CE7 (ARMV7).Build.0 = Debug|TwinCAT CE7 (ARMV7)
		{20051AC5-FC16-41B0-A2FD-A85B93AC55C3}.Debug|TwinCAT RT (x64).ActiveCfg = Debug|TwinCAT RT (x64)
		{20051AC5-FC16-41B0-A2FD-A85B93AC55C3}.Debug|TwinCAT RT (x64).Build.0 = Debug|TwinCAT RT (x64)
		{20051AC5-FC16-41B0-A2FD-A85B93AC55C3}.Debug|TwinCAT RT (x86).ActiveCfg = Debug|TwinCAT RT (x86)
		{20051AC5-FC16-41B0-A2FD-A85B93AC55C3}.Debug|TwinCAT RT (x86).Build.0 = Debug|TwinCAT RT (x86)
		{20051AC5-FC16-41B0-A2FD-A85B93AC55C3}.Debug|TwinCAT UM (x64).ActiveCfg = Debug|TwinCAT RT (x86)
		{20051AC5-FC16-41B0-A2FD-A85B93AC55C3}.Debug|TwinCAT UM (x86).ActiveCfg = Debug|TwinCAT RT (x86)
		{20051AC5-FC16-41B0-A2FD-A85B93AC55C3}.Release|TwinCAT CE7 (ARMV7).ActiveCfg = Release|TwinCAT CE7 (ARMV7)
		{20051AC5-FC16-41B0-A2FD-A85B93AC55C3}.Release|TwinCAT CE7 (ARMV7).Build.0 = Release|TwinCAT CE7 (ARMV7)
		{20051AC5-FC16-41B0-A2FD-A85B93AC55C3}.Release|TwinCAT RT (x64).ActiveCfg = Release|TwinCAT RT (x64)
		{20051AC5-FC16-41B0-A2FD-A85B93AC55C3}.Release|TwinCAT RT (x64).Build.0 = Release|TwinCAT RT (x64)
		{20051AC5-FC16-41B0-A2FD-A85B93AC55C3}.Release|TwinCAT RT (x86).ActiveCfg = Release|TwinCAT RT (x86)
		{20051AC5-FC16-41B0-A2FD-A85B93AC55C3}.Release|TwinCAT RT (x86).Build.0 = Release|TwinCAT RT (x86)
		{20051AC5-FC16-41B0-A2FD-A85B93AC55C3}.Release|TwinCAT UM (x64).ActiveCfg = Release|TwinCAT RT (x86)
		{20051AC5-FC16-41B0-A2FD-A85B93AC55C3}.Release|TwinCAT UM (x86).ActiveCfg = Release|TwinCAT RT (x86)
		{B9F9F596-F1F6-4B86-BC15-F0CBE5FC4065}.Debug|TwinCAT CE7 (ARMV7).ActiveCfg = Debug|TwinCAT RT (x64)
		{B9F9F596-F1F6-4B86-BC15-F0CBE5FC4065}.Debug|TwinCAT RT (x64).ActiveCfg = Debug|TwinCAT RT (x64)
		{B9F9F596-F1F6-4B86-BC15-F0CBE5FC4065}.Debug|TwinCAT RT (x64).Build.0 = Debug|TwinCAT RT (x64)
		{B9F9F596-F1F6-4B86-BC15-F0CBE5FC4065}.Debug|TwinCAT RT (x86).ActiveCfg = Debug|TwinCAT RT (x86)
		{B9F9F596-F1F6-4B86-BC15-F0CBE5FC4065}.Debug|TwinCAT RT (x86).Build.0 = Debug|TwinCAT RT (x86)
		{B9F9F596-F1F6-4B86-BC15-F0CBE5FC4065}.Debug|TwinCAT UM (x64).ActiveCfg = Debug|TwinCAT UM (x64)
		{B9F9F596-F1F6-4B86-BC15-F0CBE5FC4065}.Debug|TwinCAT UM (x64).Build.0 = Debug|TwinCAT UM (x64)
		{B9F9F596-F1F6-4B86-BC15-F0CBE5FC4065}.Debug|TwinCAT UM (x86).ActiveCfg = Debug|TwinCAT UM (x86)
		{B9F9F596-F1F6-4B86-BC15-F0CBE5FC4065}.Debug|TwinCAT UM (x86).Build.0 = Debug|TwinCAT UM (x86)
		{B9F9F596-F1F6-4B86-BC15-F0CBE5FC4065}.Release|TwinCAT CE7 (ARMV7).ActiveCfg = Release|TwinCAT RT (x64)
		{B9F9F596-F1F6-4B86-BC15-F0CBE5FC4065}.Release|TwinCAT RT (x64).ActiveCfg = Release|TwinCAT RT (x64)
		{B9F9F596-F1F6-4B86-BC15-F0CBE5FC4065}.Release|TwinCAT RT (x64).Build.0 = Release|TwinCAT RT (x64)
		{B9F9F596-F1F6-4B86-BC15-F0CBE5FC4065}.Release|TwinCAT RT (x86).ActiveCfg = Release|TwinCAT RT (x86)
		{B9F9F596-F1F6-4B86-BC15-F0CBE5FC4065}.Release|TwinCAT RT (x86).Build.0 = Release|TwinCAT RT (x86)
		{B9F9F596-F1F6-4B86-BC15-F0CBE5FC4065}.Release|TwinCAT UM (x64).ActiveCfg = Release|TwinCAT UM (x64)
		{B9F9F596-F1F6-4B86-BC15-F0CBE5FC4065}.Release|TwinCAT UM (x64).Build.0 = Release|TwinCAT UM (x64)
		{B9F9F596-F1F6-4B86-BC15-F0CBE5FC4065}.Release|TwinCAT UM (x86).ActiveCfg = Release|TwinCAT UM (x86)
		{B9F9F596-F1F6-4B86-BC15-F0CBE5FC4065}.Release|TwinCAT UM (x86).Build.0 = Release|TwinCAT UM (x86)
		{D38B2908-710E-44A7-A14D-3D5E99AD968D}.Debug|TwinCAT CE7 (ARMV7).ActiveCfg = Debug|TwinCAT CE7 (ARMV7)
		{D38B2908-710E-44A7-A14D-3D5E99AD968D}.Debug|TwinCAT CE7 (ARMV7).Build.0 = Debug|TwinCAT CE7 (ARMV7)
		{D38B2908-710E-44A7-A14D-3D5E99AD968D}.Debug|TwinCAT RT (x64).ActiveCfg = Debug|TwinCAT RT (x64)
		{D38B2908-710E-44A7-A14D-3D5E99AD968D}.Debug|TwinCAT RT (x64).Build.0 = Debug|TwinCAT RT (x64)
		{D38B2908-710E-44A7-A14D-3D5E99AD968D}.Debug|TwinCAT RT (x86).ActiveCfg = Debug|TwinCAT RT (x86)
		{D38B2908-710E-44A7-A14D-3D5E99AD968D}.Debug|TwinCAT RT (x86).Build.0 = Debug|TwinCAT RT (x86)
		{D38B2908-710E-44A7-A14D-3D5E99AD968D}.Debug|TwinCAT UM (x64).ActiveCfg = Debug|TwinCAT CE7 (ARMV7)
		{D38B2908-710E-44A7-A14D-3D5E99AD968D}.Debug|TwinCAT UM (x86).ActiveCfg = Debug|TwinCAT CE7 (ARMV7)
		{D38B2908-710E-44A7-A14D-3D5E99AD968D}.Release|TwinCAT CE7 (ARMV7).ActiveCfg = Release|TwinCAT CE7 (ARMV7)
		{D38B2908-710E-44A7-A14D-3D5E99AD968D}.Release|TwinCAT CE7 (ARMV7).Build.0 = Release|TwinCAT CE7 (ARMV7)
		{D38B2908-710E-44A7-A14D-3D5E99AD968D}.Release|TwinCAT RT (x64).ActiveCfg = Release|TwinCAT RT (x64)
		{D38B2908-710E-44A7-A14D-3D5E99AD968D}.Release|TwinCAT RT (x64).Build.0 = Release|TwinCAT RT (x64)
		{D38B2908-710E-44A7-A14D-3D5E99AD968D}.Release|TwinCAT RT (x86).ActiveCfg = Release|TwinCAT RT (x86)
		{D38B2908-710E-44A7-A14D-3D5E99AD968D}.Release|TwinCAT RT (x86).Build.0 = Release|TwinCAT RT (x86)
		{D38B2908-710E-44A7-A14D-3D5E99AD968D}.Release|TwinCAT UM (x64).ActiveCfg = Release|TwinCAT CE7 (ARMV7)
		{D38B2908-710E-44A7-A14D-3D5E99AD968D}.Release|TwinCAT UM (x86).ActiveCfg = Release|TwinCAT CE7 (ARMV7)
		{C2B7B637-F073-4AC2-85CE-05E312C5DF34}.Debug|TwinCAT CE7 (ARMV7).ActiveCfg = Debug|TwinCAT CE7 (ARMV7)
		{C2B7B637-F073-4AC2-85CE-05E312C5DF34}.Debug|TwinCAT RT (x64).ActiveCfg = Debug|TwinCAT RT (x64)
		{C2B7B637-F073-4AC2-85CE-05E312C5DF34}.Debug|TwinCAT RT (x86).ActiveCfg = Debug|TwinCAT RT (x86)
		{C2B7B637-F073-4AC2-85CE-05E312C5DF34}.Debug|TwinCAT UM (x64).ActiveCfg = Debug|TwinCAT CE7 (ARMV7)
		{C2B7B637-F073-4AC2-85CE-05E312C5DF34}.Debug|TwinCAT UM (x86).ActiveCfg = Debug|TwinCAT CE7 (ARMV7)
		{C2B7B637-F073-4AC2-85CE-05E312C5DF34}.Release|TwinCAT CE7 (ARMV7).ActiveCfg = Release|TwinCAT CE7 (ARMV7)
		{C2B7B637-F073-4AC2-85CE-05E312C5DF34}.Release|TwinCAT RT (x64).ActiveCfg = Release|TwinCAT RT (x64)
		{C2B7B637-F073-4AC2-85CE-05E312C5DF34}.Release|TwinCAT RT (x86).ActiveCfg = Release|TwinCAT RT (x86)
		{C2B7B637-F073-4AC2-85CE-05E312C5DF34}.Release|TwinCAT UM (x64).ActiveCfg = Release|TwinCAT CE7 (ARMV7)
		{C2B7B637-F073-4AC2-85CE-05E312C5DF34}.Release|TwinCAT UM (x86).ActiveCfg = Release|TwinCAT CE7 (ARMV7)
	EndGlobalSection
	GlobalSection(SolutionProperties) = preSolution
		HideSolutionNode = FALSE
	EndGlobalSection
EndGlobal
